
Microsoft Visual Studio Solution File, Format Version 12.00
# Visual Studio Version 16
VisualStudioVersion = 16.0.31911.196
MinimumVisualStudioVersion = 10.0.40219.1
Project("{FAE04EC0-301F-11D3-BF4B-00C04F79EFBC}") = "AutoMapperAcademy", "AutoMapperAcademy\AutoMapperAcademy.csproj", "{2243D109-823B-4357-8EDD-93A5A4E757EA}"
EndProject
Global
	GlobalSection(SolutionConfigurationPlatforms) = preSolution
		Debug|Any CPU = Debug|Any CPU
		Release|Any CPU = Release|Any CPU
	EndGlobalSection
	GlobalSection(ProjectConfigurationPlatforms) = postSolution
		{2243D109-823B-4357-8EDD-93A5A4E757EA}.Debug|Any CPU.ActiveCfg = Debug|Any CPU
		{2243D109-823B-4357-8EDD-93A5A4E757EA}.Debug|Any CPU.Build.0 = Debug|Any CPU
		{2243D109-823B-4357-8EDD-93A5A4E757EA}.Release|Any CPU.ActiveCfg = Release|Any CPU
		{2243D109-823B-4357-8EDD-93A5A4E757EA}.Release|Any CPU.Build.0 = Release|Any CPU
	EndGlobalSection
	GlobalSection(SolutionProperties) = preSolution
		HideSolutionNode = FALSE
	EndGlobalSection
	GlobalSection(ExtensibilityGlobals) = postSolution
		SolutionGuid = {843119BA-2081-4514-B145-98205CD6F201}
	EndGlobalSection
EndGlobal
